// !$*UTF8*$!
{
	archiveVersion = 1;
	classes = {
	};
	objectVersion = 46;
	objects = {

/* Begin PBXBuildFile section */
		0C16167A16CDFD0600918618 /* PBProgram.m in Sources */ = {isa = PBXBuildFile; fileRef = 0C16167916CDFD0600918618 /* PBProgram.m */; };
		0C16167D16CDFDCA00918618 /* PBProgramManager.m in Sources */ = {isa = PBXBuildFile; fileRef = 0C16167C16CDFDC900918618 /* PBProgramManager.m */; };
		0C5742A016DDAB7B00F14064 /* PBMesh.m in Sources */ = {isa = PBXBuildFile; fileRef = 0C57429F16DDAB7A00F14064 /* PBMesh.m */; };
		0C5742A316DDAB9400F14064 /* PBMeshArray.m in Sources */ = {isa = PBXBuildFile; fileRef = 0C5742A216DDAB9400F14064 /* PBMeshArray.m */; };
		0C5742A616DDAB9F00F14064 /* PBMeshArrayPool.m in Sources */ = {isa = PBXBuildFile; fileRef = 0C5742A516DDAB9F00F14064 /* PBMeshArrayPool.m */; };
		0C66435B16B8A2C700AD2B0F /* PBPVRUnpackResult.m in Sources */ = {isa = PBXBuildFile; fileRef = 0C66435616B8A2C700AD2B0F /* PBPVRUnpackResult.m */; };
		0C66435C16B8A2C700AD2B0F /* PBTexture.m in Sources */ = {isa = PBXBuildFile; fileRef = 0C66435816B8A2C700AD2B0F /* PBTexture.m */; };
		0C66435D16B8A2C700AD2B0F /* PBTextureLoader.m in Sources */ = {isa = PBXBuildFile; fileRef = 0C66435A16B8A2C700AD2B0F /* PBTextureLoader.m */; };
		0C6C43AA16D367690001A491 /* PBCanvas.m in Sources */ = {isa = PBXBuildFile; fileRef = 0C6C43A916D367690001A491 /* PBCanvas.m */; };
		0C7D657516AD214C00235E6B /* Foundation.framework in Frameworks */ = {isa = PBXBuildFile; fileRef = 0C7D657416AD214C00235E6B /* Foundation.framework */; };
		0C7D65B916AD21C300235E6B /* PBContext.m in Sources */ = {isa = PBXBuildFile; fileRef = 0C7D65AC16AD21C300235E6B /* PBContext.m */; };
		0C7D65C016AD21F500235E6B /* OpenGLES.framework in Frameworks */ = {isa = PBXBuildFile; fileRef = 0C7D65BF16AD21F500235E6B /* OpenGLES.framework */; };
		0C7D65C216AD21F900235E6B /* QuartzCore.framework in Frameworks */ = {isa = PBXBuildFile; fileRef = 0C7D65C116AD21F900235E6B /* QuartzCore.framework */; };
		0C8265C516B222B4005493B2 /* PBLayer.m in Sources */ = {isa = PBXBuildFile; fileRef = 0C8265C416B222B1005493B2 /* PBLayer.m */; };
		0C8265D216B23662005493B2 /* PBRenderer.m in Sources */ = {isa = PBXBuildFile; fileRef = 0C8265D116B23662005493B2 /* PBRenderer.m */; };
		0C886C8A16AE706100A2BFD1 /* PBColor.m in Sources */ = {isa = PBXBuildFile; fileRef = 0C886C8916AE706100A2BFD1 /* PBColor.m */; };
		0C9B380416B66CAD00AAEFAA /* PBTransform.m in Sources */ = {isa = PBXBuildFile; fileRef = 0C9B380316B66CAC00AAEFAA /* PBTransform.m */; };
		0CE778FE16DC7F01003C77F3 /* PBMatrix.m in Sources */ = {isa = PBXBuildFile; fileRef = 0CE778FD16DC7F01003C77F3 /* PBMatrix.m */; };
		2E07458116DF24CC005B5F4B /* PBTileMesh.m in Sources */ = {isa = PBXBuildFile; fileRef = 2E07458016DF24CB005B5F4B /* PBTileMesh.m */; };
		2E0E504C16B79EEB00C679D2 /* OpenAL.framework in Frameworks */ = {isa = PBXBuildFile; fileRef = 2E0E504B16B79EEB00C679D2 /* OpenAL.framework */; };
		2E0E504F16B79EF000C679D2 /* AVFoundation.framework in Frameworks */ = {isa = PBXBuildFile; fileRef = 2E0E504E16B79EF000C679D2 /* AVFoundation.framework */; };
		2E0E505116B79EF400C679D2 /* AudioToolbox.framework in Frameworks */ = {isa = PBXBuildFile; fileRef = 2E0E505016B79EF400C679D2 /* AudioToolbox.framework */; };
		2E17354616C2261A004B4278 /* PBMusicDetector.m in Sources */ = {isa = PBXBuildFile; fileRef = 2E17354516C2261A004B4278 /* PBMusicDetector.m */; };
		2E17354916C23D35004B4278 /* PBCamera.m in Sources */ = {isa = PBXBuildFile; fileRef = 2E17354816C23D34004B4278 /* PBCamera.m */; };
		2E5E9C6416B641C5002B87F8 /* PBTextureLoadOperation.m in Sources */ = {isa = PBXBuildFile; fileRef = 2E5E9C6316B641C5002B87F8 /* PBTextureLoadOperation.m */; };
		2E5E9C6916B646F6002B87F8 /* PBTextureUtils.m in Sources */ = {isa = PBXBuildFile; fileRef = 2E5E9C6816B646F6002B87F8 /* PBTextureUtils.m */; };
		2E6BDF6F16CB858E00D25E21 /* PBSprite.m in Sources */ = {isa = PBXBuildFile; fileRef = 2E6BDF6E16CB858E00D25E21 /* PBSprite.m */; };
		2E6BDF7216CB906F00D25E21 /* PBTileSprite.m in Sources */ = {isa = PBXBuildFile; fileRef = 2E6BDF7116CB906F00D25E21 /* PBTileSprite.m */; };
		2E6BDF7516CB9ABA00D25E21 /* PBDrawingSprite.m in Sources */ = {isa = PBXBuildFile; fileRef = 2E6BDF7416CB9ABA00D25E21 /* PBDrawingSprite.m */; };
		2E6BDF7816CCC39A00D25E21 /* PBTextureManager.m in Sources */ = {isa = PBXBuildFile; fileRef = 2E6BDF7716CCC39900D25E21 /* PBTextureManager.m */; };
		2E6BDF8316CDDC6600D25E21 /* PBException.m in Sources */ = {isa = PBXBuildFile; fileRef = 2E6BDF8216CDDC6500D25E21 /* PBException.m */; };
		2E82C8EC16C39C46006D76D9 /* PBTileTexture.m in Sources */ = {isa = PBXBuildFile; fileRef = 2E82C8EB16C39C46006D76D9 /* PBTileTexture.m */; };
		2E82C8F316CB2555006D76D9 /* PBTextureInfo.m in Sources */ = {isa = PBXBuildFile; fileRef = 2E82C8F216CB2554006D76D9 /* PBTextureInfo.m */; };
		2EE8F56816B7740B0071B41B /* PBSound.m in Sources */ = {isa = PBXBuildFile; fileRef = 2EE8F55F16B7740B0071B41B /* PBSound.m */; };
		2EE8F56916B7740B0071B41B /* PBSoundBuffer.m in Sources */ = {isa = PBXBuildFile; fileRef = 2EE8F56116B7740B0071B41B /* PBSoundBuffer.m */; };
		2EE8F56A16B7740B0071B41B /* PBSoundData.m in Sources */ = {isa = PBXBuildFile; fileRef = 2EE8F56316B7740B0071B41B /* PBSoundData.m */; };
		2EE8F56B16B7740B0071B41B /* PBSoundManager.m in Sources */ = {isa = PBXBuildFile; fileRef = 2EE8F56516B7740B0071B41B /* PBSoundManager.m */; };
		2EE8F56C16B7740B0071B41B /* PBSoundSource.m in Sources */ = {isa = PBXBuildFile; fileRef = 2EE8F56716B7740B0071B41B /* PBSoundSource.m */; };
		2EF0292516D713D6008BFBAA /* PBViewController.m in Sources */ = {isa = PBXBuildFile; fileRef = 2EF0292416D713D6008BFBAA /* PBViewController.m */; };
		2EF076E316B91F9C002CEC92 /* PBSoundListener.m in Sources */ = {isa = PBXBuildFile; fileRef = 2EF076E216B91F9C002CEC92 /* PBSoundListener.m */; };
		2EF0775216C0CAE4002CEC92 /* PBDynamicTexture.m in Sources */ = {isa = PBXBuildFile; fileRef = 2EF0775116C0CAE3002CEC92 /* PBDynamicTexture.m */; };
		2EFA037216DB2D6100334409 /* PBGLObjectManager.m in Sources */ = {isa = PBXBuildFile; fileRef = 2EFA037116DB2D6100334409 /* PBGLObjectManager.m */; };
		2EFA037516DB5D7600334409 /* PBGLObject.m in Sources */ = {isa = PBXBuildFile; fileRef = 2EFA037416DB5D7600334409 /* PBGLObject.m */; };
/* End PBXBuildFile section */

/* Begin PBXCopyFilesBuildPhase section */
		0C7D656F16AD214C00235E6B /* CopyFiles */ = {
			isa = PBXCopyFilesBuildPhase;
			buildActionMask = 2147483647;
			dstPath = "include/${PRODUCT_NAME}";
			dstSubfolderSpec = 16;
			files = (
			);
			runOnlyForDeploymentPostprocessing = 0;
		};
/* End PBXCopyFilesBuildPhase section */

/* Begin PBXFileReference section */
		0C019F8E16BB8BC700CA8235 /* PBVertices.h */ = {isa = PBXFileReference; lastKnownFileType = sourcecode.c.h; path = PBVertices.h; sourceTree = "<group>"; };
		0C16167816CDFD0600918618 /* PBProgram.h */ = {isa = PBXFileReference; fileEncoding = 4; lastKnownFileType = sourcecode.c.h; path = PBProgram.h; sourceTree = "<group>"; };
		0C16167916CDFD0600918618 /* PBProgram.m */ = {isa = PBXFileReference; fileEncoding = 4; lastKnownFileType = sourcecode.c.objc; path = PBProgram.m; sourceTree = "<group>"; };
		0C16167B16CDFDC800918618 /* PBProgramManager.h */ = {isa = PBXFileReference; fileEncoding = 4; lastKnownFileType = sourcecode.c.h; path = PBProgramManager.h; sourceTree = "<group>"; };
		0C16167C16CDFDC900918618 /* PBProgramManager.m */ = {isa = PBXFileReference; fileEncoding = 4; lastKnownFileType = sourcecode.c.objc; path = PBProgramManager.m; sourceTree = "<group>"; };
		0C57429E16DDAB7A00F14064 /* PBMesh.h */ = {isa = PBXFileReference; fileEncoding = 4; lastKnownFileType = sourcecode.c.h; path = PBMesh.h; sourceTree = "<group>"; };
		0C57429F16DDAB7A00F14064 /* PBMesh.m */ = {isa = PBXFileReference; fileEncoding = 4; lastKnownFileType = sourcecode.c.objc; path = PBMesh.m; sourceTree = "<group>"; };
		0C5742A116DDAB9400F14064 /* PBMeshArray.h */ = {isa = PBXFileReference; fileEncoding = 4; lastKnownFileType = sourcecode.c.h; path = PBMeshArray.h; sourceTree = "<group>"; };
		0C5742A216DDAB9400F14064 /* PBMeshArray.m */ = {isa = PBXFileReference; fileEncoding = 4; lastKnownFileType = sourcecode.c.objc; path = PBMeshArray.m; sourceTree = "<group>"; };
		0C5742A416DDAB9F00F14064 /* PBMeshArrayPool.h */ = {isa = PBXFileReference; fileEncoding = 4; lastKnownFileType = sourcecode.c.h; path = PBMeshArrayPool.h; sourceTree = "<group>"; };
		0C5742A516DDAB9F00F14064 /* PBMeshArrayPool.m */ = {isa = PBXFileReference; fileEncoding = 4; lastKnownFileType = sourcecode.c.objc; path = PBMeshArrayPool.m; sourceTree = "<group>"; };
		0C5742A716DDABC600F14064 /* PBDrawable.h */ = {isa = PBXFileReference; lastKnownFileType = sourcecode.c.h; path = PBDrawable.h; sourceTree = "<group>"; };
		0C580BBE16E47CB1008586AA /* PBGrayscaleFragShader.h */ = {isa = PBXFileReference; lastKnownFileType = sourcecode.c.h; name = PBGrayscaleFragShader.h; path = Shaders/PBGrayscaleFragShader.h; sourceTree = "<group>"; };
		0C580BBF16E47CFE008586AA /* PBSepiaFragShader.h */ = {isa = PBXFileReference; lastKnownFileType = sourcecode.c.h; name = PBSepiaFragShader.h; path = Shaders/PBSepiaFragShader.h; sourceTree = "<group>"; };
		0C580BC016E47D3E008586AA /* PBBlurFragShader.h */ = {isa = PBXFileReference; lastKnownFileType = sourcecode.c.h; name = PBBlurFragShader.h; path = Shaders/PBBlurFragShader.h; sourceTree = "<group>"; };
		0C580BC116E47D3E008586AA /* PBLuminanceFragShader.h */ = {isa = PBXFileReference; lastKnownFileType = sourcecode.c.h; name = PBLuminanceFragShader.h; path = Shaders/PBLuminanceFragShader.h; sourceTree = "<group>"; };
		0C66435516B8A2C700AD2B0F /* PBPVRUnpackResult.h */ = {isa = PBXFileReference; fileEncoding = 4; lastKnownFileType = sourcecode.c.h; path = PBPVRUnpackResult.h; sourceTree = "<group>"; };
		0C66435616B8A2C700AD2B0F /* PBPVRUnpackResult.m */ = {isa = PBXFileReference; fileEncoding = 4; lastKnownFileType = sourcecode.c.objc; path = PBPVRUnpackResult.m; sourceTree = "<group>"; };
		0C66435716B8A2C700AD2B0F /* PBTexture.h */ = {isa = PBXFileReference; fileEncoding = 4; lastKnownFileType = sourcecode.c.h; path = PBTexture.h; sourceTree = "<group>"; };
		0C66435816B8A2C700AD2B0F /* PBTexture.m */ = {isa = PBXFileReference; fileEncoding = 4; lastKnownFileType = sourcecode.c.objc; path = PBTexture.m; sourceTree = "<group>"; };
		0C66435916B8A2C700AD2B0F /* PBTextureLoader.h */ = {isa = PBXFileReference; fileEncoding = 4; lastKnownFileType = sourcecode.c.h; path = PBTextureLoader.h; sourceTree = "<group>"; };
		0C66435A16B8A2C700AD2B0F /* PBTextureLoader.m */ = {isa = PBXFileReference; fileEncoding = 4; lastKnownFileType = sourcecode.c.objc; path = PBTextureLoader.m; sourceTree = "<group>"; };
		0C6AEE3C16DEFAFF0010F78B /* PBFragShader.h */ = {isa = PBXFileReference; lastKnownFileType = sourcecode.c.h; name = PBFragShader.h; path = Shaders/PBFragShader.h; sourceTree = "<group>"; };
		0C6AEE3D16DEFAFF0010F78B /* PBSelectFragShader.h */ = {isa = PBXFileReference; lastKnownFileType = sourcecode.c.h; name = PBSelectFragShader.h; path = Shaders/PBSelectFragShader.h; sourceTree = "<group>"; };
		0C6AEE3F16DEFAFF0010F78B /* PBVertShader.h */ = {isa = PBXFileReference; lastKnownFileType = sourcecode.c.h; name = PBVertShader.h; path = Shaders/PBVertShader.h; sourceTree = "<group>"; };
		0C6AEE4016DF1F510010F78B /* PBColorEffectFragShader.h */ = {isa = PBXFileReference; lastKnownFileType = sourcecode.c.h; name = PBColorEffectFragShader.h; path = Shaders/PBColorEffectFragShader.h; sourceTree = "<group>"; };
		0C6C43A816D367690001A491 /* PBCanvas.h */ = {isa = PBXFileReference; fileEncoding = 4; lastKnownFileType = sourcecode.c.h; path = PBCanvas.h; sourceTree = "<group>"; };
		0C6C43A916D367690001A491 /* PBCanvas.m */ = {isa = PBXFileReference; fileEncoding = 4; lastKnownFileType = sourcecode.c.objc; path = PBCanvas.m; sourceTree = "<group>"; };
		0C7D657116AD214C00235E6B /* libPBKit.a */ = {isa = PBXFileReference; explicitFileType = archive.ar; includeInIndex = 0; path = libPBKit.a; sourceTree = BUILT_PRODUCTS_DIR; };
		0C7D657416AD214C00235E6B /* Foundation.framework */ = {isa = PBXFileReference; lastKnownFileType = wrapper.framework; name = Foundation.framework; path = System/Library/Frameworks/Foundation.framework; sourceTree = SDKROOT; };
		0C7D657816AD214C00235E6B /* PBKit-Prefix.pch */ = {isa = PBXFileReference; lastKnownFileType = sourcecode.c.h; path = "PBKit-Prefix.pch"; sourceTree = "<group>"; };
		0C7D65AA16AD21B300235E6B /* PBKit.h */ = {isa = PBXFileReference; fileEncoding = 4; lastKnownFileType = sourcecode.c.h; name = PBKit.h; path = PBKit/PBKit.h; sourceTree = SOURCE_ROOT; };
		0C7D65AB16AD21C300235E6B /* PBContext.h */ = {isa = PBXFileReference; fileEncoding = 4; lastKnownFileType = sourcecode.c.h; path = PBContext.h; sourceTree = "<group>"; };
		0C7D65AC16AD21C300235E6B /* PBContext.m */ = {isa = PBXFileReference; fileEncoding = 4; lastKnownFileType = sourcecode.c.objc; path = PBContext.m; sourceTree = "<group>"; };
		0C7D65BF16AD21F500235E6B /* OpenGLES.framework */ = {isa = PBXFileReference; lastKnownFileType = wrapper.framework; name = OpenGLES.framework; path = System/Library/Frameworks/OpenGLES.framework; sourceTree = SDKROOT; };
		0C7D65C116AD21F900235E6B /* QuartzCore.framework */ = {isa = PBXFileReference; lastKnownFileType = wrapper.framework; name = QuartzCore.framework; path = System/Library/Frameworks/QuartzCore.framework; sourceTree = SDKROOT; };
		0C8265C316B222B0005493B2 /* PBLayer.h */ = {isa = PBXFileReference; fileEncoding = 4; lastKnownFileType = sourcecode.c.h; path = PBLayer.h; sourceTree = "<group>"; };
		0C8265C416B222B1005493B2 /* PBLayer.m */ = {isa = PBXFileReference; fileEncoding = 4; lastKnownFileType = sourcecode.c.objc; path = PBLayer.m; sourceTree = "<group>"; };
		0C8265D016B23662005493B2 /* PBRenderer.h */ = {isa = PBXFileReference; fileEncoding = 4; lastKnownFileType = sourcecode.c.h; path = PBRenderer.h; sourceTree = "<group>"; };
		0C8265D116B23662005493B2 /* PBRenderer.m */ = {isa = PBXFileReference; fileEncoding = 4; lastKnownFileType = sourcecode.c.objc; path = PBRenderer.m; sourceTree = "<group>"; };
		0C886C8816AE706000A2BFD1 /* PBColor.h */ = {isa = PBXFileReference; fileEncoding = 4; lastKnownFileType = sourcecode.c.h; path = PBColor.h; sourceTree = "<group>"; };
		0C886C8916AE706100A2BFD1 /* PBColor.m */ = {isa = PBXFileReference; fileEncoding = 4; lastKnownFileType = sourcecode.c.objc; path = PBColor.m; sourceTree = "<group>"; };
		0C9B380216B66CAC00AAEFAA /* PBTransform.h */ = {isa = PBXFileReference; fileEncoding = 4; lastKnownFileType = sourcecode.c.h; path = PBTransform.h; sourceTree = "<group>"; };
		0C9B380316B66CAC00AAEFAA /* PBTransform.m */ = {isa = PBXFileReference; fileEncoding = 4; lastKnownFileType = sourcecode.c.objc; path = PBTransform.m; sourceTree = "<group>"; };
		0CE778FC16DC7F01003C77F3 /* PBMatrix.h */ = {isa = PBXFileReference; fileEncoding = 4; lastKnownFileType = sourcecode.c.h; path = PBMatrix.h; sourceTree = "<group>"; };
		0CE778FD16DC7F01003C77F3 /* PBMatrix.m */ = {isa = PBXFileReference; fileEncoding = 4; lastKnownFileType = sourcecode.c.objc; path = PBMatrix.m; sourceTree = "<group>"; };
		2E07457F16DF24CA005B5F4B /* PBTileMesh.h */ = {isa = PBXFileReference; fileEncoding = 4; lastKnownFileType = sourcecode.c.h; path = PBTileMesh.h; sourceTree = "<group>"; };
		2E07458016DF24CB005B5F4B /* PBTileMesh.m */ = {isa = PBXFileReference; fileEncoding = 4; lastKnownFileType = sourcecode.c.objc; path = PBTileMesh.m; sourceTree = "<group>"; };
		2E0E504B16B79EEB00C679D2 /* OpenAL.framework */ = {isa = PBXFileReference; lastKnownFileType = wrapper.framework; name = OpenAL.framework; path = System/Library/Frameworks/OpenAL.framework; sourceTree = SDKROOT; };
		2E0E504E16B79EF000C679D2 /* AVFoundation.framework */ = {isa = PBXFileReference; lastKnownFileType = wrapper.framework; name = AVFoundation.framework; path = System/Library/Frameworks/AVFoundation.framework; sourceTree = SDKROOT; };
		2E0E505016B79EF400C679D2 /* AudioToolbox.framework */ = {isa = PBXFileReference; lastKnownFileType = wrapper.framework; name = AudioToolbox.framework; path = System/Library/Frameworks/AudioToolbox.framework; sourceTree = SDKROOT; };
		2E17354416C22619004B4278 /* PBMusicDetector.h */ = {isa = PBXFileReference; fileEncoding = 4; lastKnownFileType = sourcecode.c.h; path = PBMusicDetector.h; sourceTree = "<group>"; };
		2E17354516C2261A004B4278 /* PBMusicDetector.m */ = {isa = PBXFileReference; fileEncoding = 4; lastKnownFileType = sourcecode.c.objc; path = PBMusicDetector.m; sourceTree = "<group>"; };
		2E17354716C23D34004B4278 /* PBCamera.h */ = {isa = PBXFileReference; fileEncoding = 4; lastKnownFileType = sourcecode.c.h; path = PBCamera.h; sourceTree = "<group>"; };
		2E17354816C23D34004B4278 /* PBCamera.m */ = {isa = PBXFileReference; fileEncoding = 4; lastKnownFileType = sourcecode.c.objc; path = PBCamera.m; sourceTree = "<group>"; };
		2E57184216AD395500886B11 /* PBObjCUtil.h */ = {isa = PBXFileReference; fileEncoding = 4; lastKnownFileType = sourcecode.c.h; path = PBObjCUtil.h; sourceTree = "<group>"; };
		2E5E9C6216B641C5002B87F8 /* PBTextureLoadOperation.h */ = {isa = PBXFileReference; fileEncoding = 4; lastKnownFileType = sourcecode.c.h; path = PBTextureLoadOperation.h; sourceTree = "<group>"; };
		2E5E9C6316B641C5002B87F8 /* PBTextureLoadOperation.m */ = {isa = PBXFileReference; fileEncoding = 4; lastKnownFileType = sourcecode.c.objc; path = PBTextureLoadOperation.m; sourceTree = "<group>"; };
		2E5E9C6716B646F6002B87F8 /* PBTextureUtils.h */ = {isa = PBXFileReference; fileEncoding = 4; lastKnownFileType = sourcecode.c.h; path = PBTextureUtils.h; sourceTree = "<group>"; };
		2E5E9C6816B646F6002B87F8 /* PBTextureUtils.m */ = {isa = PBXFileReference; fileEncoding = 4; lastKnownFileType = sourcecode.c.objc; path = PBTextureUtils.m; sourceTree = "<group>"; };
		2E6BDF6D16CB858E00D25E21 /* PBSprite.h */ = {isa = PBXFileReference; fileEncoding = 4; lastKnownFileType = sourcecode.c.h; path = PBSprite.h; sourceTree = "<group>"; };
		2E6BDF6E16CB858E00D25E21 /* PBSprite.m */ = {isa = PBXFileReference; fileEncoding = 4; lastKnownFileType = sourcecode.c.objc; path = PBSprite.m; sourceTree = "<group>"; };
		2E6BDF7016CB906F00D25E21 /* PBTileSprite.h */ = {isa = PBXFileReference; fileEncoding = 4; lastKnownFileType = sourcecode.c.h; path = PBTileSprite.h; sourceTree = "<group>"; };
		2E6BDF7116CB906F00D25E21 /* PBTileSprite.m */ = {isa = PBXFileReference; fileEncoding = 4; lastKnownFileType = sourcecode.c.objc; path = PBTileSprite.m; sourceTree = "<group>"; };
		2E6BDF7316CB9ABA00D25E21 /* PBDrawingSprite.h */ = {isa = PBXFileReference; fileEncoding = 4; lastKnownFileType = sourcecode.c.h; path = PBDrawingSprite.h; sourceTree = "<group>"; };
		2E6BDF7416CB9ABA00D25E21 /* PBDrawingSprite.m */ = {isa = PBXFileReference; fileEncoding = 4; lastKnownFileType = sourcecode.c.objc; path = PBDrawingSprite.m; sourceTree = "<group>"; };
		2E6BDF7616CCC39800D25E21 /* PBTextureManager.h */ = {isa = PBXFileReference; fileEncoding = 4; lastKnownFileType = sourcecode.c.h; path = PBTextureManager.h; sourceTree = "<group>"; };
		2E6BDF7716CCC39900D25E21 /* PBTextureManager.m */ = {isa = PBXFileReference; fileEncoding = 4; lastKnownFileType = sourcecode.c.objc; path = PBTextureManager.m; sourceTree = "<group>"; };
		2E6BDF8116CDDC6500D25E21 /* PBException.h */ = {isa = PBXFileReference; fileEncoding = 4; lastKnownFileType = sourcecode.c.h; path = PBException.h; sourceTree = "<group>"; };
		2E6BDF8216CDDC6500D25E21 /* PBException.m */ = {isa = PBXFileReference; fileEncoding = 4; lastKnownFileType = sourcecode.c.objc; path = PBException.m; sourceTree = "<group>"; };
		2E82C8EA16C39C46006D76D9 /* PBTileTexture.h */ = {isa = PBXFileReference; fileEncoding = 4; lastKnownFileType = sourcecode.c.h; path = PBTileTexture.h; sourceTree = "<group>"; };
		2E82C8EB16C39C46006D76D9 /* PBTileTexture.m */ = {isa = PBXFileReference; fileEncoding = 4; lastKnownFileType = sourcecode.c.objc; path = PBTileTexture.m; sourceTree = "<group>"; };
		2E82C8F116CB2553006D76D9 /* PBTextureInfo.h */ = {isa = PBXFileReference; fileEncoding = 4; lastKnownFileType = sourcecode.c.h; path = PBTextureInfo.h; sourceTree = "<group>"; };
		2E82C8F216CB2554006D76D9 /* PBTextureInfo.m */ = {isa = PBXFileReference; fileEncoding = 4; lastKnownFileType = sourcecode.c.objc; path = PBTextureInfo.m; sourceTree = "<group>"; };
		2EE8F55E16B7740B0071B41B /* PBSound.h */ = {isa = PBXFileReference; fileEncoding = 4; lastKnownFileType = sourcecode.c.h; path = PBSound.h; sourceTree = "<group>"; };
		2EE8F55F16B7740B0071B41B /* PBSound.m */ = {isa = PBXFileReference; fileEncoding = 4; lastKnownFileType = sourcecode.c.objc; path = PBSound.m; sourceTree = "<group>"; };
		2EE8F56016B7740B0071B41B /* PBSoundBuffer.h */ = {isa = PBXFileReference; fileEncoding = 4; lastKnownFileType = sourcecode.c.h; path = PBSoundBuffer.h; sourceTree = "<group>"; };
		2EE8F56116B7740B0071B41B /* PBSoundBuffer.m */ = {isa = PBXFileReference; fileEncoding = 4; lastKnownFileType = sourcecode.c.objc; path = PBSoundBuffer.m; sourceTree = "<group>"; };
		2EE8F56216B7740B0071B41B /* PBSoundData.h */ = {isa = PBXFileReference; fileEncoding = 4; lastKnownFileType = sourcecode.c.h; path = PBSoundData.h; sourceTree = "<group>"; };
		2EE8F56316B7740B0071B41B /* PBSoundData.m */ = {isa = PBXFileReference; fileEncoding = 4; lastKnownFileType = sourcecode.c.objc; path = PBSoundData.m; sourceTree = "<group>"; };
		2EE8F56416B7740B0071B41B /* PBSoundManager.h */ = {isa = PBXFileReference; fileEncoding = 4; lastKnownFileType = sourcecode.c.h; path = PBSoundManager.h; sourceTree = "<group>"; };
		2EE8F56516B7740B0071B41B /* PBSoundManager.m */ = {isa = PBXFileReference; fileEncoding = 4; lastKnownFileType = sourcecode.c.objc; path = PBSoundManager.m; sourceTree = "<group>"; };
		2EE8F56616B7740B0071B41B /* PBSoundSource.h */ = {isa = PBXFileReference; fileEncoding = 4; lastKnownFileType = sourcecode.c.h; path = PBSoundSource.h; sourceTree = "<group>"; };
		2EE8F56716B7740B0071B41B /* PBSoundSource.m */ = {isa = PBXFileReference; fileEncoding = 4; lastKnownFileType = sourcecode.c.objc; path = PBSoundSource.m; sourceTree = "<group>"; };
		2EF0292316D713D6008BFBAA /* PBViewController.h */ = {isa = PBXFileReference; fileEncoding = 4; lastKnownFileType = sourcecode.c.h; path = PBViewController.h; sourceTree = "<group>"; };
		2EF0292416D713D6008BFBAA /* PBViewController.m */ = {isa = PBXFileReference; fileEncoding = 4; lastKnownFileType = sourcecode.c.objc; path = PBViewController.m; sourceTree = "<group>"; };
		2EF076E116B91F9B002CEC92 /* PBSoundListener.h */ = {isa = PBXFileReference; fileEncoding = 4; lastKnownFileType = sourcecode.c.h; path = PBSoundListener.h; sourceTree = "<group>"; };
		2EF076E216B91F9C002CEC92 /* PBSoundListener.m */ = {isa = PBXFileReference; fileEncoding = 4; lastKnownFileType = sourcecode.c.objc; path = PBSoundListener.m; sourceTree = "<group>"; };
		2EF0775016C0CAE1002CEC92 /* PBDynamicTexture.h */ = {isa = PBXFileReference; fileEncoding = 4; lastKnownFileType = sourcecode.c.h; path = PBDynamicTexture.h; sourceTree = "<group>"; };
		2EF0775116C0CAE3002CEC92 /* PBDynamicTexture.m */ = {isa = PBXFileReference; fileEncoding = 4; lastKnownFileType = sourcecode.c.objc; path = PBDynamicTexture.m; sourceTree = "<group>"; };
		2EFA037016DB2D6100334409 /* PBGLObjectManager.h */ = {isa = PBXFileReference; fileEncoding = 4; lastKnownFileType = sourcecode.c.h; path = PBGLObjectManager.h; sourceTree = "<group>"; };
		2EFA037116DB2D6100334409 /* PBGLObjectManager.m */ = {isa = PBXFileReference; fileEncoding = 4; lastKnownFileType = sourcecode.c.objc; path = PBGLObjectManager.m; sourceTree = "<group>"; };
		2EFA037316DB5D7500334409 /* PBGLObject.h */ = {isa = PBXFileReference; fileEncoding = 4; lastKnownFileType = sourcecode.c.h; path = PBGLObject.h; sourceTree = "<group>"; };
		2EFA037416DB5D7600334409 /* PBGLObject.m */ = {isa = PBXFileReference; fileEncoding = 4; lastKnownFileType = sourcecode.c.objc; path = PBGLObject.m; sourceTree = "<group>"; };
/* End PBXFileReference section */

/* Begin PBXFrameworksBuildPhase section */
		0C7D656E16AD214C00235E6B /* Frameworks */ = {
			isa = PBXFrameworksBuildPhase;
			buildActionMask = 2147483647;
			files = (
				2E0E505116B79EF400C679D2 /* AudioToolbox.framework in Frameworks */,
				2E0E504F16B79EF000C679D2 /* AVFoundation.framework in Frameworks */,
				2E0E504C16B79EEB00C679D2 /* OpenAL.framework in Frameworks */,
				0C7D65C216AD21F900235E6B /* QuartzCore.framework in Frameworks */,
				0C7D65C016AD21F500235E6B /* OpenGLES.framework in Frameworks */,
				0C7D657516AD214C00235E6B /* Foundation.framework in Frameworks */,
			);
			runOnlyForDeploymentPostprocessing = 0;
		};
/* End PBXFrameworksBuildPhase section */

/* Begin PBXGroup section */
		0C5742A816DDD59900F14064 /* Mesh */ = {
			isa = PBXGroup;
			children = (
				0C57429E16DDAB7A00F14064 /* PBMesh.h */,
				0C57429F16DDAB7A00F14064 /* PBMesh.m */,
				2E07457F16DF24CA005B5F4B /* PBTileMesh.h */,
				2E07458016DF24CB005B5F4B /* PBTileMesh.m */,
				0C5742A116DDAB9400F14064 /* PBMeshArray.h */,
				0C5742A216DDAB9400F14064 /* PBMeshArray.m */,
				0C5742A416DDAB9F00F14064 /* PBMeshArrayPool.h */,
				0C5742A516DDAB9F00F14064 /* PBMeshArrayPool.m */,
			);
			name = Mesh;
			sourceTree = "<group>";
		};
		0C7D656616AD214C00235E6B = {
			isa = PBXGroup;
			children = (
				0C7D657616AD214C00235E6B /* PBKit */,
				0C7D657316AD214C00235E6B /* Frameworks */,
				0C7D657216AD214C00235E6B /* Products */,
			);
			sourceTree = "<group>";
		};
		0C7D657216AD214C00235E6B /* Products */ = {
			isa = PBXGroup;
			children = (
				0C7D657116AD214C00235E6B /* libPBKit.a */,
			);
			name = Products;
			sourceTree = "<group>";
		};
		0C7D657316AD214C00235E6B /* Frameworks */ = {
			isa = PBXGroup;
			children = (
				2E0E505016B79EF400C679D2 /* AudioToolbox.framework */,
				2E0E504E16B79EF000C679D2 /* AVFoundation.framework */,
				2E0E504B16B79EEB00C679D2 /* OpenAL.framework */,
				0C7D65C116AD21F900235E6B /* QuartzCore.framework */,
				0C7D65BF16AD21F500235E6B /* OpenGLES.framework */,
				0C7D657416AD214C00235E6B /* Foundation.framework */,
			);
			name = Frameworks;
			sourceTree = "<group>";
		};
		0C7D657616AD214C00235E6B /* PBKit */ = {
			isa = PBXGroup;
			children = (
				2E57184116AD395500886B11 /* PBCommon */,
				0C7D65C316AD222200235E6B /* PBGLES2.0 */,
				2EE8F55C16B7734E0071B41B /* PBAL */,
				2EF0292216D713B5008BFBAA /* PBUtil */,
				0C7D657716AD214C00235E6B /* Supporting Files */,
			);
			path = PBKit;
			sourceTree = "<group>";
		};
		0C7D657716AD214C00235E6B /* Supporting Files */ = {
			isa = PBXGroup;
			children = (
				0C7D657816AD214C00235E6B /* PBKit-Prefix.pch */,
			);
			name = "Supporting Files";
			sourceTree = "<group>";
		};
		0C7D65C316AD222200235E6B /* PBGLES2.0 */ = {
			isa = PBXGroup;
			children = (
				0C8265C816B225C3005493B2 /* PBWrapper */,
				0C5742A816DDD59900F14064 /* Mesh */,
				2E5E9C6616B646B3002B87F8 /* Texture */,
				2E6BDF6C16CB857900D25E21 /* Sprite */,
				0C8265C716B225AE005493B2 /* GLInternals */,
				0C886C9316AE797D00A2BFD1 /* GLShaders */,
			);
			name = PBGLES2.0;
			sourceTree = "<group>";
		};
		0C8265C716B225AE005493B2 /* GLInternals */ = {
			isa = PBXGroup;
			children = (
				0CE778FC16DC7F01003C77F3 /* PBMatrix.h */,
				0CE778FD16DC7F01003C77F3 /* PBMatrix.m */,
				0C7D65AB16AD21C300235E6B /* PBContext.h */,
				0C7D65AC16AD21C300235E6B /* PBContext.m */,
				0C16167816CDFD0600918618 /* PBProgram.h */,
				0C16167916CDFD0600918618 /* PBProgram.m */,
				0C8265D016B23662005493B2 /* PBRenderer.h */,
				0C8265D116B23662005493B2 /* PBRenderer.m */,
				2EFA037316DB5D7500334409 /* PBGLObject.h */,
				2EFA037416DB5D7600334409 /* PBGLObject.m */,
				2EFA037016DB2D6100334409 /* PBGLObjectManager.h */,
				2EFA037116DB2D6100334409 /* PBGLObjectManager.m */,
			);
			name = GLInternals;
			sourceTree = "<group>";
		};
		0C8265C816B225C3005493B2 /* PBWrapper */ = {
			isa = PBXGroup;
			children = (
				0C019F8E16BB8BC700CA8235 /* PBVertices.h */,
				0C886C8816AE706000A2BFD1 /* PBColor.h */,
				0C886C8916AE706100A2BFD1 /* PBColor.m */,
				0C8265C316B222B0005493B2 /* PBLayer.h */,
				0C8265C416B222B1005493B2 /* PBLayer.m */,
				2E17354716C23D34004B4278 /* PBCamera.h */,
				2E17354816C23D34004B4278 /* PBCamera.m */,
				0C6C43A816D367690001A491 /* PBCanvas.h */,
				0C6C43A916D367690001A491 /* PBCanvas.m */,
				0C16167B16CDFDC800918618 /* PBProgramManager.h */,
				0C16167C16CDFDC900918618 /* PBProgramManager.m */,
				0C9B380216B66CAC00AAEFAA /* PBTransform.h */,
				0C9B380316B66CAC00AAEFAA /* PBTransform.m */,
				0C5742A716DDABC600F14064 /* PBDrawable.h */,
			);
			name = PBWrapper;
			sourceTree = "<group>";
		};
		0C886C9316AE797D00A2BFD1 /* GLShaders */ = {
			isa = PBXGroup;
			children = (
				0C6AEE3F16DEFAFF0010F78B /* PBVertShader.h */,
				0C6AEE3C16DEFAFF0010F78B /* PBFragShader.h */,
				0C6AEE4016DF1F510010F78B /* PBColorEffectFragShader.h */,
				0C580BBE16E47CB1008586AA /* PBGrayscaleFragShader.h */,
				0C580BBF16E47CFE008586AA /* PBSepiaFragShader.h */,
				0C580BC016E47D3E008586AA /* PBBlurFragShader.h */,
				0C580BC116E47D3E008586AA /* PBLuminanceFragShader.h */,
				0C6AEE3D16DEFAFF0010F78B /* PBSelectFragShader.h */,
			);
			name = GLShaders;
			sourceTree = "<group>";
		};
		2E57184116AD395500886B11 /* PBCommon */ = {
			isa = PBXGroup;
			children = (
				0C7D65AA16AD21B300235E6B /* PBKit.h */,
				2E57184216AD395500886B11 /* PBObjCUtil.h */,
				2E6BDF8116CDDC6500D25E21 /* PBException.h */,
				2E6BDF8216CDDC6500D25E21 /* PBException.m */,
			);
			path = PBCommon;
			sourceTree = SOURCE_ROOT;
		};
		2E5E9C6616B646B3002B87F8 /* Texture */ = {
			isa = PBXGroup;
			children = (
				2E5E9C6716B646F6002B87F8 /* PBTextureUtils.h */,
				2E5E9C6816B646F6002B87F8 /* PBTextureUtils.m */,
				0C66435516B8A2C700AD2B0F /* PBPVRUnpackResult.h */,
				0C66435616B8A2C700AD2B0F /* PBPVRUnpackResult.m */,
				2E82C8F116CB2553006D76D9 /* PBTextureInfo.h */,
				2E82C8F216CB2554006D76D9 /* PBTextureInfo.m */,
				0C66435716B8A2C700AD2B0F /* PBTexture.h */,
				0C66435816B8A2C700AD2B0F /* PBTexture.m */,
				2E82C8EA16C39C46006D76D9 /* PBTileTexture.h */,
				2E82C8EB16C39C46006D76D9 /* PBTileTexture.m */,
				2EF0775016C0CAE1002CEC92 /* PBDynamicTexture.h */,
				2EF0775116C0CAE3002CEC92 /* PBDynamicTexture.m */,
				0C66435916B8A2C700AD2B0F /* PBTextureLoader.h */,
				0C66435A16B8A2C700AD2B0F /* PBTextureLoader.m */,
				2E5E9C6216B641C5002B87F8 /* PBTextureLoadOperation.h */,
				2E5E9C6316B641C5002B87F8 /* PBTextureLoadOperation.m */,
				2E6BDF7616CCC39800D25E21 /* PBTextureManager.h */,
				2E6BDF7716CCC39900D25E21 /* PBTextureManager.m */,
			);
			name = Texture;
			sourceTree = "<group>";
		};
		2E6BDF6C16CB857900D25E21 /* Sprite */ = {
			isa = PBXGroup;
			children = (
				2E6BDF6D16CB858E00D25E21 /* PBSprite.h */,
				2E6BDF6E16CB858E00D25E21 /* PBSprite.m */,
				2E6BDF7016CB906F00D25E21 /* PBTileSprite.h */,
				2E6BDF7116CB906F00D25E21 /* PBTileSprite.m */,
				2E6BDF7316CB9ABA00D25E21 /* PBDrawingSprite.h */,
				2E6BDF7416CB9ABA00D25E21 /* PBDrawingSprite.m */,
			);
			name = Sprite;
			sourceTree = "<group>";
		};
		2EE8F55C16B7734E0071B41B /* PBAL */ = {
			isa = PBXGroup;
			children = (
				2EE8F55E16B7740B0071B41B /* PBSound.h */,
				2EE8F55F16B7740B0071B41B /* PBSound.m */,
				2EE8F56016B7740B0071B41B /* PBSoundBuffer.h */,
				2EE8F56116B7740B0071B41B /* PBSoundBuffer.m */,
				2EE8F56216B7740B0071B41B /* PBSoundData.h */,
				2EE8F56316B7740B0071B41B /* PBSoundData.m */,
				2EE8F56416B7740B0071B41B /* PBSoundManager.h */,
				2EE8F56516B7740B0071B41B /* PBSoundManager.m */,
				2EE8F56616B7740B0071B41B /* PBSoundSource.h */,
				2EE8F56716B7740B0071B41B /* PBSoundSource.m */,
				2EF076E116B91F9B002CEC92 /* PBSoundListener.h */,
				2EF076E216B91F9C002CEC92 /* PBSoundListener.m */,
				2E17354416C22619004B4278 /* PBMusicDetector.h */,
				2E17354516C2261A004B4278 /* PBMusicDetector.m */,
			);
			name = PBAL;
			sourceTree = "<group>";
		};
		2EF0292216D713B5008BFBAA /* PBUtil */ = {
			isa = PBXGroup;
			children = (
				2EF0292316D713D6008BFBAA /* PBViewController.h */,
				2EF0292416D713D6008BFBAA /* PBViewController.m */,
			);
			name = PBUtil;
			sourceTree = "<group>";
		};
/* End PBXGroup section */

/* Begin PBXNativeTarget section */
		0C7D657016AD214C00235E6B /* PBKit */ = {
			isa = PBXNativeTarget;
			buildConfigurationList = 0C7D657F16AD214C00235E6B /* Build configuration list for PBXNativeTarget "PBKit" */;
			buildPhases = (
				0C7D656D16AD214C00235E6B /* Sources */,
				0C7D656E16AD214C00235E6B /* Frameworks */,
				0C7D656F16AD214C00235E6B /* CopyFiles */,
			);
			buildRules = (
			);
			dependencies = (
			);
			name = PBKit;
			productName = PBKit;
			productReference = 0C7D657116AD214C00235E6B /* libPBKit.a */;
			productType = "com.apple.product-type.library.static";
		};
/* End PBXNativeTarget section */

/* Begin PBXProject section */
		0C7D656816AD214C00235E6B /* Project object */ = {
			isa = PBXProject;
			attributes = {
				LastUpgradeCheck = 0450;
				ORGANIZATIONNAME = NHN;
			};
			buildConfigurationList = 0C7D656B16AD214C00235E6B /* Build configuration list for PBXProject "PBKit" */;
			compatibilityVersion = "Xcode 3.2";
			developmentRegion = English;
			hasScannedForEncodings = 0;
			knownRegions = (
				en,
			);
			mainGroup = 0C7D656616AD214C00235E6B;
			productRefGroup = 0C7D657216AD214C00235E6B /* Products */;
			projectDirPath = "";
			projectRoot = "";
			targets = (
				0C7D657016AD214C00235E6B /* PBKit */,
			);
		};
/* End PBXProject section */

/* Begin PBXSourcesBuildPhase section */
		0C7D656D16AD214C00235E6B /* Sources */ = {
			isa = PBXSourcesBuildPhase;
			buildActionMask = 2147483647;
			files = (
				0C7D65B916AD21C300235E6B /* PBContext.m in Sources */,
				0C886C8A16AE706100A2BFD1 /* PBColor.m in Sources */,
				0C8265C516B222B4005493B2 /* PBLayer.m in Sources */,
				0C8265D216B23662005493B2 /* PBRenderer.m in Sources */,
				2E5E9C6416B641C5002B87F8 /* PBTextureLoadOperation.m in Sources */,
				2E5E9C6916B646F6002B87F8 /* PBTextureUtils.m in Sources */,
				0C9B380416B66CAD00AAEFAA /* PBTransform.m in Sources */,
				2EE8F56816B7740B0071B41B /* PBSound.m in Sources */,
				2EE8F56916B7740B0071B41B /* PBSoundBuffer.m in Sources */,
				2EE8F56A16B7740B0071B41B /* PBSoundData.m in Sources */,
				2EE8F56B16B7740B0071B41B /* PBSoundManager.m in Sources */,
				2EE8F56C16B7740B0071B41B /* PBSoundSource.m in Sources */,
				0C66435B16B8A2C700AD2B0F /* PBPVRUnpackResult.m in Sources */,
				0C66435C16B8A2C700AD2B0F /* PBTexture.m in Sources */,
				0C66435D16B8A2C700AD2B0F /* PBTextureLoader.m in Sources */,
				2EF076E316B91F9C002CEC92 /* PBSoundListener.m in Sources */,
				2EF0775216C0CAE4002CEC92 /* PBDynamicTexture.m in Sources */,
				2E17354616C2261A004B4278 /* PBMusicDetector.m in Sources */,
				2E17354916C23D35004B4278 /* PBCamera.m in Sources */,
				2E82C8EC16C39C46006D76D9 /* PBTileTexture.m in Sources */,
				2E82C8F316CB2555006D76D9 /* PBTextureInfo.m in Sources */,
				2E6BDF6F16CB858E00D25E21 /* PBSprite.m in Sources */,
				2E6BDF7216CB906F00D25E21 /* PBTileSprite.m in Sources */,
				2E6BDF7516CB9ABA00D25E21 /* PBDrawingSprite.m in Sources */,
				2E6BDF7816CCC39A00D25E21 /* PBTextureManager.m in Sources */,
				2E6BDF8316CDDC6600D25E21 /* PBException.m in Sources */,
				0C16167A16CDFD0600918618 /* PBProgram.m in Sources */,
				0C16167D16CDFDCA00918618 /* PBProgramManager.m in Sources */,
				0C6C43AA16D367690001A491 /* PBCanvas.m in Sources */,
				2EF0292516D713D6008BFBAA /* PBViewController.m in Sources */,
				2EFA037216DB2D6100334409 /* PBGLObjectManager.m in Sources */,
				2EFA037516DB5D7600334409 /* PBGLObject.m in Sources */,
				0CE778FE16DC7F01003C77F3 /* PBMatrix.m in Sources */,
				0C5742A016DDAB7B00F14064 /* PBMesh.m in Sources */,
				0C5742A316DDAB9400F14064 /* PBMeshArray.m in Sources */,
				0C5742A616DDAB9F00F14064 /* PBMeshArrayPool.m in Sources */,
				2E07458116DF24CC005B5F4B /* PBTileMesh.m in Sources */,
			);
			runOnlyForDeploymentPostprocessing = 0;
		};
/* End PBXSourcesBuildPhase section */

/* Begin XCBuildConfiguration section */
		0C7D657D16AD214C00235E6B /* Debug */ = {
			isa = XCBuildConfiguration;
			buildSettings = {
				ALWAYS_SEARCH_USER_PATHS = NO;
				CLANG_CXX_LANGUAGE_STANDARD = "gnu++0x";
				CLANG_CXX_LIBRARY = "libc++";
				CLANG_WARN_EMPTY_BODY = YES;
				CLANG_WARN__DUPLICATE_METHOD_MATCH = YES;
				COPY_PHASE_STRIP = NO;
				GCC_C_LANGUAGE_STANDARD = gnu99;
				GCC_DYNAMIC_NO_PIC = NO;
				GCC_OPTIMIZATION_LEVEL = 0;
				GCC_PREPROCESSOR_DEFINITIONS = (
					"DEBUG=1",
					"$(inherited)",
				);
				GCC_SYMBOLS_PRIVATE_EXTERN = NO;
				GCC_WARN_ABOUT_RETURN_TYPE = YES;
				GCC_WARN_UNINITIALIZED_AUTOS = YES;
				GCC_WARN_UNUSED_VARIABLE = YES;
				IPHONEOS_DEPLOYMENT_TARGET = 5.0;
				ONLY_ACTIVE_ARCH = YES;
				SDKROOT = iphoneos;
			};
			name = Debug;
		};
		0C7D657E16AD214C00235E6B /* Release */ = {
			isa = XCBuildConfiguration;
			buildSettings = {
				ALWAYS_SEARCH_USER_PATHS = NO;
				CLANG_CXX_LANGUAGE_STANDARD = "gnu++0x";
				CLANG_CXX_LIBRARY = "libc++";
				CLANG_WARN_EMPTY_BODY = YES;
				CLANG_WARN__DUPLICATE_METHOD_MATCH = YES;
				COPY_PHASE_STRIP = YES;
				GCC_C_LANGUAGE_STANDARD = gnu99;
				GCC_WARN_ABOUT_RETURN_TYPE = YES;
				GCC_WARN_UNINITIALIZED_AUTOS = YES;
				GCC_WARN_UNUSED_VARIABLE = YES;
				IPHONEOS_DEPLOYMENT_TARGET = 5.0;
				SDKROOT = iphoneos;
				VALIDATE_PRODUCT = YES;
			};
			name = Release;
		};
		0C7D658016AD214C00235E6B /* Debug */ = {
			isa = XCBuildConfiguration;
			buildSettings = {
				DSTROOT = /tmp/PBKit.dst;
				GCC_PRECOMPILE_PREFIX_HEADER = YES;
				GCC_PREFIX_HEADER = "PBKit/PBKit-Prefix.pch";
				OTHER_LDFLAGS = "-ObjC";
				PRODUCT_NAME = "$(TARGET_NAME)";
				SKIP_INSTALL = YES;
			};
			name = Debug;
		};
		0C7D658116AD214C00235E6B /* Release */ = {
			isa = XCBuildConfiguration;
			buildSettings = {
				DSTROOT = /tmp/PBKit.dst;
				GCC_PRECOMPILE_PREFIX_HEADER = YES;
				GCC_PREFIX_HEADER = "PBKit/PBKit-Prefix.pch";
				OTHER_LDFLAGS = "-ObjC";
				PRODUCT_NAME = "$(TARGET_NAME)";
				SKIP_INSTALL = YES;
			};
			name = Release;
		};
/* End XCBuildConfiguration section */

/* Begin XCConfigurationList section */
		0C7D656B16AD214C00235E6B /* Build configuration list for PBXProject "PBKit" */ = {
			isa = XCConfigurationList;
			buildConfigurations = (
				0C7D657D16AD214C00235E6B /* Debug */,
				0C7D657E16AD214C00235E6B /* Release */,
			);
			defaultConfigurationIsVisible = 0;
			defaultConfigurationName = Release;
		};
		0C7D657F16AD214C00235E6B /* Build configuration list for PBXNativeTarget "PBKit" */ = {
			isa = XCConfigurationList;
			buildConfigurations = (
				0C7D658016AD214C00235E6B /* Debug */,
				0C7D658116AD214C00235E6B /* Release */,
			);
			defaultConfigurationIsVisible = 0;
			defaultConfigurationName = Release;
		};
/* End XCConfigurationList section */
	};
	rootObject = 0C7D656816AD214C00235E6B /* Project object */;
}
